// !$*UTF8*$!
{
	archiveVersion = 1;
	classes = {
	};
	objectVersion = 48;
	objects = {

/* Begin PBXBuildFile section */
		528FE356B1F9A1FE7D409B76 /* Pods_LovePlanetDemo.framework in Frameworks */ = {isa = PBXBuildFile; fileRef = 79190C0CEA78E05506B5E439 /* Pods_LovePlanetDemo.framework */; };
		B17064801F738C0600FABD11 /* ReadMe in Resources */ = {isa = PBXBuildFile; fileRef = B170647F1F738C0600FABD11 /* ReadMe */; };
		B17064891F738EAF00FABD11 /* MainShowInteractor.swift in Sources */ = {isa = PBXBuildFile; fileRef = B17064831F738EAF00FABD11 /* MainShowInteractor.swift */; };
		B170648A1F738EAF00FABD11 /* MainShowModels.swift in Sources */ = {isa = PBXBuildFile; fileRef = B17064841F738EAF00FABD11 /* MainShowModels.swift */; };
		B170648B1F738EAF00FABD11 /* MainShowPresenter.swift in Sources */ = {isa = PBXBuildFile; fileRef = B17064851F738EAF00FABD11 /* MainShowPresenter.swift */; };
		B170648C1F738EAF00FABD11 /* MainShowRouter.swift in Sources */ = {isa = PBXBuildFile; fileRef = B17064861F738EAF00FABD11 /* MainShowRouter.swift */; };
		B170648D1F738EAF00FABD11 /* MainShowViewController.swift in Sources */ = {isa = PBXBuildFile; fileRef = B17064871F738EAF00FABD11 /* MainShowViewController.swift */; };
		B170648E1F738EAF00FABD11 /* MainShowWorker.swift in Sources */ = {isa = PBXBuildFile; fileRef = B17064881F738EAF00FABD11 /* MainShowWorker.swift */; };
		B17064921F73911000FABD11 /* CircleButton.swift in Sources */ = {isa = PBXBuildFile; fileRef = B17064911F73911000FABD11 /* CircleButton.swift */; };
		B17064991F73A27F00FABD11 /* UsersListShowInteractor.swift in Sources */ = {isa = PBXBuildFile; fileRef = B17064931F73A27F00FABD11 /* UsersListShowInteractor.swift */; };
		B170649A1F73A27F00FABD11 /* UsersListShowModels.swift in Sources */ = {isa = PBXBuildFile; fileRef = B17064941F73A27F00FABD11 /* UsersListShowModels.swift */; };
		B170649B1F73A27F00FABD11 /* UsersListShowPresenter.swift in Sources */ = {isa = PBXBuildFile; fileRef = B17064951F73A27F00FABD11 /* UsersListShowPresenter.swift */; };
		B170649C1F73A27F00FABD11 /* UsersListShowRouter.swift in Sources */ = {isa = PBXBuildFile; fileRef = B17064961F73A27F00FABD11 /* UsersListShowRouter.swift */; };
		B170649D1F73A27F00FABD11 /* UsersListShowViewController.swift in Sources */ = {isa = PBXBuildFile; fileRef = B17064971F73A27F00FABD11 /* UsersListShowViewController.swift */; };
		B170649E1F73A27F00FABD11 /* UsersListShowWorker.swift in Sources */ = {isa = PBXBuildFile; fileRef = B17064981F73A27F00FABD11 /* UsersListShowWorker.swift */; };
		B17064A21F73AE8700FABD11 /* InfoPlist.strings in Resources */ = {isa = PBXBuildFile; fileRef = B17064A41F73AE8700FABD11 /* InfoPlist.strings */; };
		B17064A71F73AE8900FABD11 /* Localizable.strings in Resources */ = {isa = PBXBuildFile; fileRef = B17064A91F73AE8900FABD11 /* Localizable.strings */; };
		B17064AC1F73BDCE00FABD11 /* TriangleView.swift in Sources */ = {isa = PBXBuildFile; fileRef = B17064AB1F73BDCE00FABD11 /* TriangleView.swift */; };
		B17064BC1F73E5ED00FABD11 /* Model.xcdatamodeld in Sources */ = {isa = PBXBuildFile; fileRef = B17064BA1F73E5ED00FABD11 /* Model.xcdatamodeld */; };
		B17064C41F73F42900FABD11 /* CoreDataManager.swift in Sources */ = {isa = PBXBuildFile; fileRef = B17064B91F73E5CB00FABD11 /* CoreDataManager.swift */; };
		B17064C71F73F6AD00FABD11 /* User+CoreDataClass.swift in Sources */ = {isa = PBXBuildFile; fileRef = B17064C51F73F6AD00FABD11 /* User+CoreDataClass.swift */; };
		B17064C81F73F6AD00FABD11 /* User+CoreDataProperties.swift in Sources */ = {isa = PBXBuildFile; fileRef = B17064C61F73F6AD00FABD11 /* User+CoreDataProperties.swift */; };
		B17064D01F74082100FABD11 /* UserShowInteractor.swift in Sources */ = {isa = PBXBuildFile; fileRef = B17064CA1F74082100FABD11 /* UserShowInteractor.swift */; };
		B17064D11F74082100FABD11 /* UserShowModels.swift in Sources */ = {isa = PBXBuildFile; fileRef = B17064CB1F74082100FABD11 /* UserShowModels.swift */; };
		B17064D21F74082100FABD11 /* UserShowPresenter.swift in Sources */ = {isa = PBXBuildFile; fileRef = B17064CC1F74082100FABD11 /* UserShowPresenter.swift */; };
		B17064D31F74082100FABD11 /* UserShowRouter.swift in Sources */ = {isa = PBXBuildFile; fileRef = B17064CD1F74082100FABD11 /* UserShowRouter.swift */; };
		B17064D41F74082100FABD11 /* UserShowViewController.swift in Sources */ = {isa = PBXBuildFile; fileRef = B17064CE1F74082100FABD11 /* UserShowViewController.swift */; };
		B17064D51F74082100FABD11 /* UserShowWorker.swift in Sources */ = {isa = PBXBuildFile; fileRef = B17064CF1F74082100FABD11 /* UserShowWorker.swift */; };
		B1AE83FE1F738B8C00F91406 /* AppDelegate.swift in Sources */ = {isa = PBXBuildFile; fileRef = B1AE83FD1F738B8C00F91406 /* AppDelegate.swift */; };
		B1AE84051F738B8C00F91406 /* Assets.xcassets in Resources */ = {isa = PBXBuildFile; fileRef = B1AE84041F738B8C00F91406 /* Assets.xcassets */; };
		B1AE84081F738B8C00F91406 /* LaunchScreen.storyboard in Resources */ = {isa = PBXBuildFile; fileRef = B1AE84061F738B8C00F91406 /* LaunchScreen.storyboard */; };
/* End PBXBuildFile section */

/* Begin PBXFileReference section */
		0E4A13C434A31045BDF6278C /* Pods-LovePlanetDemo.debug.xcconfig */ = {isa = PBXFileReference; includeInIndex = 1; lastKnownFileType = text.xcconfig; name = "Pods-LovePlanetDemo.debug.xcconfig"; path = "Pods/Target Support Files/Pods-LovePlanetDemo/Pods-LovePlanetDemo.debug.xcconfig"; sourceTree = "<group>"; };
		1A3F6646024B3342B80F84A7 /* Pods-LovePlanetDemo.release.xcconfig */ = {isa = PBXFileReference; includeInIndex = 1; lastKnownFileType = text.xcconfig; name = "Pods-LovePlanetDemo.release.xcconfig"; path = "Pods/Target Support Files/Pods-LovePlanetDemo/Pods-LovePlanetDemo.release.xcconfig"; sourceTree = "<group>"; };
		79190C0CEA78E05506B5E439 /* Pods_LovePlanetDemo.framework */ = {isa = PBXFileReference; explicitFileType = wrapper.framework; includeInIndex = 0; path = Pods_LovePlanetDemo.framework; sourceTree = BUILT_PRODUCTS_DIR; };
		B170647F1F738C0600FABD11 /* ReadMe */ = {isa = PBXFileReference; lastKnownFileType = text; path = ReadMe; sourceTree = "<group>"; };
		B17064831F738EAF00FABD11 /* MainShowInteractor.swift */ = {isa = PBXFileReference; lastKnownFileType = sourcecode.swift; path = MainShowInteractor.swift; sourceTree = "<group>"; };
		B17064841F738EAF00FABD11 /* MainShowModels.swift */ = {isa = PBXFileReference; lastKnownFileType = sourcecode.swift; path = MainShowModels.swift; sourceTree = "<group>"; };
		B17064851F738EAF00FABD11 /* MainShowPresenter.swift */ = {isa = PBXFileReference; lastKnownFileType = sourcecode.swift; path = MainShowPresenter.swift; sourceTree = "<group>"; };
		B17064861F738EAF00FABD11 /* MainShowRouter.swift */ = {isa = PBXFileReference; lastKnownFileType = sourcecode.swift; path = MainShowRouter.swift; sourceTree = "<group>"; };
		B17064871F738EAF00FABD11 /* MainShowViewController.swift */ = {isa = PBXFileReference; lastKnownFileType = sourcecode.swift; path = MainShowViewController.swift; sourceTree = "<group>"; };
		B17064881F738EAF00FABD11 /* MainShowWorker.swift */ = {isa = PBXFileReference; lastKnownFileType = sourcecode.swift; path = MainShowWorker.swift; sourceTree = "<group>"; };
		B17064911F73911000FABD11 /* CircleButton.swift */ = {isa = PBXFileReference; lastKnownFileType = sourcecode.swift; path = CircleButton.swift; sourceTree = "<group>"; };
		B17064931F73A27F00FABD11 /* UsersListShowInteractor.swift */ = {isa = PBXFileReference; lastKnownFileType = sourcecode.swift; path = UsersListShowInteractor.swift; sourceTree = "<group>"; };
		B17064941F73A27F00FABD11 /* UsersListShowModels.swift */ = {isa = PBXFileReference; lastKnownFileType = sourcecode.swift; path = UsersListShowModels.swift; sourceTree = "<group>"; };
		B17064951F73A27F00FABD11 /* UsersListShowPresenter.swift */ = {isa = PBXFileReference; lastKnownFileType = sourcecode.swift; path = UsersListShowPresenter.swift; sourceTree = "<group>"; };
		B17064961F73A27F00FABD11 /* UsersListShowRouter.swift */ = {isa = PBXFileReference; lastKnownFileType = sourcecode.swift; path = UsersListShowRouter.swift; sourceTree = "<group>"; };
		B17064971F73A27F00FABD11 /* UsersListShowViewController.swift */ = {isa = PBXFileReference; lastKnownFileType = sourcecode.swift; path = UsersListShowViewController.swift; sourceTree = "<group>"; };
		B17064981F73A27F00FABD11 /* UsersListShowWorker.swift */ = {isa = PBXFileReference; lastKnownFileType = sourcecode.swift; path = UsersListShowWorker.swift; sourceTree = "<group>"; };
		B170649F1F73ADC900FABD11 /* ru */ = {isa = PBXFileReference; lastKnownFileType = text.plist.strings; name = ru; path = ru.lproj/LaunchScreen.strings; sourceTree = "<group>"; };
		B17064A31F73AE8700FABD11 /* ru */ = {isa = PBXFileReference; lastKnownFileType = text.plist.strings; name = ru; path = ru.lproj/InfoPlist.strings; sourceTree = "<group>"; };
		B17064A81F73AE8900FABD11 /* ru */ = {isa = PBXFileReference; lastKnownFileType = text.plist.strings; name = ru; path = ru.lproj/Localizable.strings; sourceTree = "<group>"; };
		B17064AA1F73AE9C00FABD11 /* en */ = {isa = PBXFileReference; lastKnownFileType = text.plist.strings; name = en; path = en.lproj/Localizable.strings; sourceTree = "<group>"; };
		B17064AB1F73BDCE00FABD11 /* TriangleView.swift */ = {isa = PBXFileReference; lastKnownFileType = sourcecode.swift; path = TriangleView.swift; sourceTree = "<group>"; };
		B17064B91F73E5CB00FABD11 /* CoreDataManager.swift */ = {isa = PBXFileReference; lastKnownFileType = sourcecode.swift; path = CoreDataManager.swift; sourceTree = "<group>"; };
		B17064BB1F73E5ED00FABD11 /* Model.xcdatamodel */ = {isa = PBXFileReference; lastKnownFileType = wrapper.xcdatamodel; path = Model.xcdatamodel; sourceTree = "<group>"; };
		B17064BF1F73E8C800FABD11 /* Model 1.xcdatamodel */ = {isa = PBXFileReference; lastKnownFileType = wrapper.xcdatamodel; path = "Model 1.xcdatamodel"; sourceTree = "<group>"; };
		B17064C51F73F6AD00FABD11 /* User+CoreDataClass.swift */ = {isa = PBXFileReference; lastKnownFileType = sourcecode.swift; path = "User+CoreDataClass.swift"; sourceTree = "<group>"; };
		B17064C61F73F6AD00FABD11 /* User+CoreDataProperties.swift */ = {isa = PBXFileReference; lastKnownFileType = sourcecode.swift; path = "User+CoreDataProperties.swift"; sourceTree = "<group>"; };
		B17064CA1F74082100FABD11 /* UserShowInteractor.swift */ = {isa = PBXFileReference; lastKnownFileType = sourcecode.swift; path = UserShowInteractor.swift; sourceTree = "<group>"; };
		B17064CB1F74082100FABD11 /* UserShowModels.swift */ = {isa = PBXFileReference; lastKnownFileType = sourcecode.swift; path = UserShowModels.swift; sourceTree = "<group>"; };
		B17064CC1F74082100FABD11 /* UserShowPresenter.swift */ = {isa = PBXFileReference; lastKnownFileType = sourcecode.swift; path = UserShowPresenter.swift; sourceTree = "<group>"; };
		B17064CD1F74082100FABD11 /* UserShowRouter.swift */ = {isa = PBXFileReference; lastKnownFileType = sourcecode.swift; path = UserShowRouter.swift; sourceTree = "<group>"; };
		B17064CE1F74082100FABD11 /* UserShowViewController.swift */ = {isa = PBXFileReference; lastKnownFileType = sourcecode.swift; path = UserShowViewController.swift; sourceTree = "<group>"; };
		B17064CF1F74082100FABD11 /* UserShowWorker.swift */ = {isa = PBXFileReference; lastKnownFileType = sourcecode.swift; path = UserShowWorker.swift; sourceTree = "<group>"; };
		B1AE83FA1F738B8C00F91406 /* LovePlanetDemo.app */ = {isa = PBXFileReference; explicitFileType = wrapper.application; includeInIndex = 0; path = LovePlanetDemo.app; sourceTree = BUILT_PRODUCTS_DIR; };
		B1AE83FD1F738B8C00F91406 /* AppDelegate.swift */ = {isa = PBXFileReference; lastKnownFileType = sourcecode.swift; path = AppDelegate.swift; sourceTree = "<group>"; };
		B1AE84041F738B8C00F91406 /* Assets.xcassets */ = {isa = PBXFileReference; lastKnownFileType = folder.assetcatalog; path = Assets.xcassets; sourceTree = "<group>"; };
		B1AE84071F738B8C00F91406 /* Base */ = {isa = PBXFileReference; lastKnownFileType = file.storyboard; name = Base; path = Base.lproj/LaunchScreen.storyboard; sourceTree = "<group>"; };
		B1AE84091F738B8C00F91406 /* Info.plist */ = {isa = PBXFileReference; lastKnownFileType = text.plist.xml; path = Info.plist; sourceTree = "<group>"; };
/* End PBXFileReference section */

/* Begin PBXFrameworksBuildPhase section */
		B1AE83F71F738B8C00F91406 /* Frameworks */ = {
			isa = PBXFrameworksBuildPhase;
			buildActionMask = 2147483647;
			files = (
				528FE356B1F9A1FE7D409B76 /* Pods_LovePlanetDemo.framework in Frameworks */,
			);
			runOnlyForDeploymentPostprocessing = 0;
		};
/* End PBXFrameworksBuildPhase section */

/* Begin PBXGroup section */
		A950D4027D6ABEA3B0912D1C /* Frameworks */ = {
			isa = PBXGroup;
			children = (
				79190C0CEA78E05506B5E439 /* Pods_LovePlanetDemo.framework */,
			);
			name = Frameworks;
			sourceTree = "<group>";
		};
		AF13DBE00C072E831F7FA19A /* Pods */ = {
			isa = PBXGroup;
			children = (
				0E4A13C434A31045BDF6278C /* Pods-LovePlanetDemo.debug.xcconfig */,
				1A3F6646024B3342B80F84A7 /* Pods-LovePlanetDemo.release.xcconfig */,
			);
			name = Pods;
			sourceTree = "<group>";
		};
		B17064811F738E7300FABD11 /* Scenes */ = {
			isa = PBXGroup;
			children = (
				B17064821F738E9500FABD11 /* MainShow */,
				B17064C91F7407F900FABD11 /* UserShow */,
				B170648F1F738EF700FABD11 /* UsersListShow */,
			);
			path = Scenes;
			sourceTree = "<group>";
		};
		B17064821F738E9500FABD11 /* MainShow */ = {
			isa = PBXGroup;
			children = (
				B17064831F738EAF00FABD11 /* MainShowInteractor.swift */,
				B17064841F738EAF00FABD11 /* MainShowModels.swift */,
				B17064851F738EAF00FABD11 /* MainShowPresenter.swift */,
				B17064861F738EAF00FABD11 /* MainShowRouter.swift */,
				B17064871F738EAF00FABD11 /* MainShowViewController.swift */,
				B17064881F738EAF00FABD11 /* MainShowWorker.swift */,
			);
			path = MainShow;
			sourceTree = "<group>";
		};
		B170648F1F738EF700FABD11 /* UsersListShow */ = {
			isa = PBXGroup;
			children = (
				B17064931F73A27F00FABD11 /* UsersListShowInteractor.swift */,
				B17064941F73A27F00FABD11 /* UsersListShowModels.swift */,
				B17064951F73A27F00FABD11 /* UsersListShowPresenter.swift */,
				B17064961F73A27F00FABD11 /* UsersListShowRouter.swift */,
				B17064971F73A27F00FABD11 /* UsersListShowViewController.swift */,
				B17064981F73A27F00FABD11 /* UsersListShowWorker.swift */,
			);
			path = UsersListShow;
			sourceTree = "<group>";
		};
		B17064901F7390D100FABD11 /* Common */ = {
			isa = PBXGroup;
			children = (
				B17064B71F73E5B100FABD11 /* CoreData */,
				B17064911F73911000FABD11 /* CircleButton.swift */,
				B17064AB1F73BDCE00FABD11 /* TriangleView.swift */,
			);
			path = Common;
			sourceTree = "<group>";
		};
		B17064B71F73E5B100FABD11 /* CoreData */ = {
			isa = PBXGroup;
			children = (
				B17064B81F73E5BB00FABD11 /* Models */,
				B17064B91F73E5CB00FABD11 /* CoreDataManager.swift */,
				B17064BA1F73E5ED00FABD11 /* Model.xcdatamodeld */,
			);
			path = CoreData;
			sourceTree = "<group>";
		};
		B17064B81F73E5BB00FABD11 /* Models */ = {
			isa = PBXGroup;
			children = (
				B17064C51F73F6AD00FABD11 /* User+CoreDataClass.swift */,
				B17064C61F73F6AD00FABD11 /* User+CoreDataProperties.swift */,
			);
			path = Models;
			sourceTree = "<group>";
		};
		B17064C91F7407F900FABD11 /* UserShow */ = {
			isa = PBXGroup;
			children = (
				B17064CA1F74082100FABD11 /* UserShowInteractor.swift */,
				B17064CB1F74082100FABD11 /* UserShowModels.swift */,
				B17064CC1F74082100FABD11 /* UserShowPresenter.swift */,
				B17064CD1F74082100FABD11 /* UserShowRouter.swift */,
				B17064CE1F74082100FABD11 /* UserShowViewController.swift */,
				B17064CF1F74082100FABD11 /* UserShowWorker.swift */,
			);
			path = UserShow;
			sourceTree = "<group>";
		};
		B1AE83F11F738B8C00F91406 = {
			isa = PBXGroup;
			children = (
				B170647F1F738C0600FABD11 /* ReadMe */,
				B1AE83FC1F738B8C00F91406 /* LovePlanetDemo */,
				B1AE83FB1F738B8C00F91406 /* Products */,
				AF13DBE00C072E831F7FA19A /* Pods */,
				A950D4027D6ABEA3B0912D1C /* Frameworks */,
			);
			sourceTree = "<group>";
		};
		B1AE83FB1F738B8C00F91406 /* Products */ = {
			isa = PBXGroup;
			children = (
				B1AE83FA1F738B8C00F91406 /* LovePlanetDemo.app */,
			);
			name = Products;
			sourceTree = "<group>";
		};
		B1AE83FC1F738B8C00F91406 /* LovePlanetDemo */ = {
			isa = PBXGroup;
			children = (
				B1AE83FD1F738B8C00F91406 /* AppDelegate.swift */,
				B17064901F7390D100FABD11 /* Common */,
				B17064811F738E7300FABD11 /* Scenes */,
				B1AE84041F738B8C00F91406 /* Assets.xcassets */,
				B1AE84061F738B8C00F91406 /* LaunchScreen.storyboard */,
				B1AE84091F738B8C00F91406 /* Info.plist */,
				B17064A91F73AE8900FABD11 /* Localizable.strings */,
				B17064A41F73AE8700FABD11 /* InfoPlist.strings */,
			);
			path = LovePlanetDemo;
			sourceTree = "<group>";
		};
/* End PBXGroup section */

/* Begin PBXNativeTarget section */
		B1AE83F91F738B8C00F91406 /* LovePlanetDemo */ = {
			isa = PBXNativeTarget;
			buildConfigurationList = B1AE840C1F738B8C00F91406 /* Build configuration list for PBXNativeTarget "LovePlanetDemo" */;
			buildPhases = (
				17517DBE16F0D8658099359D /* [CP] Check Pods Manifest.lock */,
				B1AE83F61F738B8C00F91406 /* Sources */,
				B1AE83F71F738B8C00F91406 /* Frameworks */,
				B1AE83F81F738B8C00F91406 /* Resources */,
				EB3302780217016A3B454B1E /* [CP] Embed Pods Frameworks */,
				3E29C30F521757FCCDAF3BF3 /* [CP] Copy Pods Resources */,
			);
			buildRules = (
			);
			dependencies = (
			);
			name = LovePlanetDemo;
			productName = LovePlanetDemo;
			productReference = B1AE83FA1F738B8C00F91406 /* LovePlanetDemo.app */;
			productType = "com.apple.product-type.application";
		};
/* End PBXNativeTarget section */

/* Begin PBXProject section */
		B1AE83F21F738B8C00F91406 /* Project object */ = {
			isa = PBXProject;
			attributes = {
				LastSwiftUpdateCheck = 0900;
				LastUpgradeCheck = 0900;
				ORGANIZATIONNAME = RemoteJob;
				TargetAttributes = {
					B1AE83F91F738B8C00F91406 = {
						CreatedOnToolsVersion = 9.0;
						ProvisioningStyle = Automatic;
					};
				};
			};
			buildConfigurationList = B1AE83F51F738B8C00F91406 /* Build configuration list for PBXProject "LovePlanetDemo" */;
			compatibilityVersion = "Xcode 8.0";
			developmentRegion = en;
			hasScannedForEncodings = 0;
			knownRegions = (
				en,
				Base,
			);
			mainGroup = B1AE83F11F738B8C00F91406;
			productRefGroup = B1AE83FB1F738B8C00F91406 /* Products */;
			projectDirPath = "";
			projectRoot = "";
			targets = (
				B1AE83F91F738B8C00F91406 /* LovePlanetDemo */,
			);
		};
/* End PBXProject section */

/* Begin PBXResourcesBuildPhase section */
		B1AE83F81F738B8C00F91406 /* Resources */ = {
			isa = PBXResourcesBuildPhase;
			buildActionMask = 2147483647;
			files = (
				B17064A71F73AE8900FABD11 /* Localizable.strings in Resources */,
				B17064801F738C0600FABD11 /* ReadMe in Resources */,
				B17064A21F73AE8700FABD11 /* InfoPlist.strings in Resources */,
				B1AE84081F738B8C00F91406 /* LaunchScreen.storyboard in Resources */,
				B1AE84051F738B8C00F91406 /* Assets.xcassets in Resources */,
			);
			runOnlyForDeploymentPostprocessing = 0;
		};
/* End PBXResourcesBuildPhase section */

/* Begin PBXShellScriptBuildPhase section */
		17517DBE16F0D8658099359D /* [CP] Check Pods Manifest.lock */ = {
			isa = PBXShellScriptBuildPhase;
			buildActionMask = 2147483647;
			files = (
			);
			inputPaths = (
				"${PODS_PODFILE_DIR_PATH}/Podfile.lock",
				"${PODS_ROOT}/Manifest.lock",
			);
			name = "[CP] Check Pods Manifest.lock";
			outputPaths = (
				"$(DERIVED_FILE_DIR)/Pods-LovePlanetDemo-checkManifestLockResult.txt",
			);
			runOnlyForDeploymentPostprocessing = 0;
			shellPath = /bin/sh;
			shellScript = "diff \"${PODS_PODFILE_DIR_PATH}/Podfile.lock\" \"${PODS_ROOT}/Manifest.lock\" > /dev/null\nif [ $? != 0 ] ; then\n    # print error to STDERR\n    echo \"error: The sandbox is not in sync with the Podfile.lock. Run 'pod install' or update your CocoaPods installation.\" >&2\n    exit 1\nfi\n# This output is used by Xcode 'outputs' to avoid re-running this script phase.\necho \"SUCCESS\" > \"${SCRIPT_OUTPUT_FILE_0}\"\n";
			showEnvVarsInLog = 0;
		};
		3E29C30F521757FCCDAF3BF3 /* [CP] Copy Pods Resources */ = {
			isa = PBXShellScriptBuildPhase;
			buildActionMask = 2147483647;
			files = (
			);
			inputPaths = (
			);
			name = "[CP] Copy Pods Resources";
			outputPaths = (
			);
			runOnlyForDeploymentPostprocessing = 0;
			shellPath = /bin/sh;
			shellScript = "\"${SRCROOT}/Pods/Target Support Files/Pods-LovePlanetDemo/Pods-LovePlanetDemo-resources.sh\"\n";
			showEnvVarsInLog = 0;
		};
		EB3302780217016A3B454B1E /* [CP] Embed Pods Frameworks */ = {
			isa = PBXShellScriptBuildPhase;
			buildActionMask = 2147483647;
			files = (
			);
			inputPaths = (
				"${SRCROOT}/Pods/Target Support Files/Pods-LovePlanetDemo/Pods-LovePlanetDemo-frameworks.sh",
				"${BUILT_PRODUCTS_DIR}/TweenKit/TweenKit.framework",
			);
			name = "[CP] Embed Pods Frameworks";
			outputPaths = (
				"${TARGET_BUILD_DIR}/${FRAMEWORKS_FOLDER_PATH}/TweenKit.framework",
			);
			runOnlyForDeploymentPostprocessing = 0;
			shellPath = /bin/sh;
			shellScript = "\"${SRCROOT}/Pods/Target Support Files/Pods-LovePlanetDemo/Pods-LovePlanetDemo-frameworks.sh\"\n";
			showEnvVarsInLog = 0;
		};
/* End PBXShellScriptBuildPhase section */

/* Begin PBXSourcesBuildPhase section */
		B1AE83F61F738B8C00F91406 /* Sources */ = {
			isa = PBXSourcesBuildPhase;
			buildActionMask = 2147483647;
			files = (
				B170648B1F738EAF00FABD11 /* MainShowPresenter.swift in Sources */,
				B170649B1F73A27F00FABD11 /* UsersListShowPresenter.swift in Sources */,
				B17064D21F74082100FABD11 /* UserShowPresenter.swift in Sources */,
				B170648E1F738EAF00FABD11 /* MainShowWorker.swift in Sources */,
				B17064C41F73F42900FABD11 /* CoreDataManager.swift in Sources */,
				B170648A1F738EAF00FABD11 /* MainShowModels.swift in Sources */,
				B170649C1F73A27F00FABD11 /* UsersListShowRouter.swift in Sources */,
				B170649E1F73A27F00FABD11 /* UsersListShowWorker.swift in Sources */,
				B170649A1F73A27F00FABD11 /* UsersListShowModels.swift in Sources */,
				B17064D11F74082100FABD11 /* UserShowModels.swift in Sources */,
				B170649D1F73A27F00FABD11 /* UsersListShowViewController.swift in Sources */,
				B17064BC1F73E5ED00FABD11 /* Model.xcdatamodeld in Sources */,
				B17064D01F74082100FABD11 /* UserShowInteractor.swift in Sources */,
				B17064921F73911000FABD11 /* CircleButton.swift in Sources */,
				B17064891F738EAF00FABD11 /* MainShowInteractor.swift in Sources */,
				B17064AC1F73BDCE00FABD11 /* TriangleView.swift in Sources */,
				B17064C71F73F6AD00FABD11 /* User+CoreDataClass.swift in Sources */,
				B170648C1F738EAF00FABD11 /* MainShowRouter.swift in Sources */,
				B170648D1F738EAF00FABD11 /* MainShowViewController.swift in Sources */,
				B17064D51F74082100FABD11 /* UserShowWorker.swift in Sources */,
				B17064C81F73F6AD00FABD11 /* User+CoreDataProperties.swift in Sources */,
				B17064D31F74082100FABD11 /* UserShowRouter.swift in Sources */,
				B17064991F73A27F00FABD11 /* UsersListShowInteractor.swift in Sources */,
				B17064D41F74082100FABD11 /* UserShowViewController.swift in Sources */,
				B1AE83FE1F738B8C00F91406 /* AppDelegate.swift in Sources */,
			);
			runOnlyForDeploymentPostprocessing = 0;
		};
/* End PBXSourcesBuildPhase section */

/* Begin PBXVariantGroup section */
		B17064A41F73AE8700FABD11 /* InfoPlist.strings */ = {
			isa = PBXVariantGroup;
			children = (
				B17064A31F73AE8700FABD11 /* ru */,
			);
			name = InfoPlist.strings;
			sourceTree = "<group>";
		};
		B17064A91F73AE8900FABD11 /* Localizable.strings */ = {
			isa = PBXVariantGroup;
			children = (
				B17064A81F73AE8900FABD11 /* ru */,
				B17064AA1F73AE9C00FABD11 /* en */,
			);
			name = Localizable.strings;
			sourceTree = "<group>";
		};
		B1AE84061F738B8C00F91406 /* LaunchScreen.storyboard */ = {
			isa = PBXVariantGroup;
			children = (
				B1AE84071F738B8C00F91406 /* Base */,
				B170649F1F73ADC900FABD11 /* ru */,
			);
			name = LaunchScreen.storyboard;
			sourceTree = "<group>";
		};
/* End PBXVariantGroup section */

/* Begin XCBuildConfiguration section */
		B1AE840A1F738B8C00F91406 /* Debug */ = {
			isa = XCBuildConfiguration;
			buildSettings = {
				ALWAYS_SEARCH_USER_PATHS = NO;
				CLANG_ANALYZER_LOCALIZABILITY_NONLOCALIZED = YES;
				CLANG_ANALYZER_NONNULL = YES;
				CLANG_ANALYZER_NUMBER_OBJECT_CONVERSION = YES_AGGRESSIVE;
				CLANG_CXX_LANGUAGE_STANDARD = "gnu++14";
				CLANG_CXX_LIBRARY = "libc++";
				CLANG_ENABLE_MODULES = YES;
				CLANG_ENABLE_OBJC_ARC = YES;
				CLANG_WARN_BLOCK_CAPTURE_AUTORELEASING = YES;
				CLANG_WARN_BOOL_CONVERSION = YES;
				CLANG_WARN_COMMA = YES;
				CLANG_WARN_CONSTANT_CONVERSION = YES;
				CLANG_WARN_DIRECT_OBJC_ISA_USAGE = YES_ERROR;
				CLANG_WARN_DOCUMENTATION_COMMENTS = YES;
				CLANG_WARN_EMPTY_BODY = YES;
				CLANG_WARN_ENUM_CONVERSION = YES;
				CLANG_WARN_INFINITE_RECURSION = YES;
				CLANG_WARN_INT_CONVERSION = YES;
				CLANG_WARN_NON_LITERAL_NULL_CONVERSION = YES;
				CLANG_WARN_OBJC_LITERAL_CONVERSION = YES;
				CLANG_WARN_OBJC_ROOT_CLASS = YES_ERROR;
				CLANG_WARN_RANGE_LOOP_ANALYSIS = YES;
				CLANG_WARN_STRICT_PROTOTYPES = YES;
				CLANG_WARN_SUSPICIOUS_MOVE = YES;
				CLANG_WARN_UNGUARDED_AVAILABILITY = YES_AGGRESSIVE;
				CLANG_WARN_UNREACHABLE_CODE = YES;
				CLANG_WARN__DUPLICATE_METHOD_MATCH = YES;
				CODE_SIGN_IDENTITY = "iPhone Developer";
				COPY_PHASE_STRIP = NO;
				DEBUG_INFORMATION_FORMAT = dwarf;
				ENABLE_STRICT_OBJC_MSGSEND = YES;
				ENABLE_TESTABILITY = YES;
				GCC_C_LANGUAGE_STANDARD = gnu11;
				GCC_DYNAMIC_NO_PIC = NO;
				GCC_NO_COMMON_BLOCKS = YES;
				GCC_OPTIMIZATION_LEVEL = 0;
				GCC_PREPROCESSOR_DEFINITIONS = (
					"DEBUG=1",
					"$(inherited)",
				);
				GCC_WARN_64_TO_32_BIT_CONVERSION = YES;
				GCC_WARN_ABOUT_RETURN_TYPE = YES_ERROR;
				GCC_WARN_UNDECLARED_SELECTOR = YES;
				GCC_WARN_UNINITIALIZED_AUTOS = YES_AGGRESSIVE;
				GCC_WARN_UNUSED_FUNCTION = YES;
				GCC_WARN_UNUSED_VARIABLE = YES;
				IPHONEOS_DEPLOYMENT_TARGET = 11.0;
				MTL_ENABLE_DEBUG_INFO = YES;
				ONLY_ACTIVE_ARCH = YES;
				SDKROOT = iphoneos;
				SWIFT_ACTIVE_COMPILATION_CONDITIONS = DEBUG;
				SWIFT_OPTIMIZATION_LEVEL = "-Onone";
			};
			name = Debug;
		};
		B1AE840B1F738B8C00F91406 /* Release */ = {
			isa = XCBuildConfiguration;
			buildSettings = {
				ALWAYS_SEARCH_USER_PATHS = NO;
				CLANG_ANALYZER_LOCALIZABILITY_NONLOCALIZED = YES;
				CLANG_ANALYZER_NONNULL = YES;
				CLANG_ANALYZER_NUMBER_OBJECT_CONVERSION = YES_AGGRESSIVE;
				CLANG_CXX_LANGUAGE_STANDARD = "gnu++14";
				CLANG_CXX_LIBRARY = "libc++";
				CLANG_ENABLE_MODULES = YES;
				CLANG_ENABLE_OBJC_ARC = YES;
				CLANG_WARN_BLOCK_CAPTURE_AUTORELEASING = YES;
				CLANG_WARN_BOOL_CONVERSION = YES;
				CLANG_WARN_COMMA = YES;
				CLANG_WARN_CONSTANT_CONVERSION = YES;
				CLANG_WARN_DIRECT_OBJC_ISA_USAGE = YES_ERROR;
				CLANG_WARN_DOCUMENTATION_COMMENTS = YES;
				CLANG_WARN_EMPTY_BODY = YES;
				CLANG_WARN_ENUM_CONVERSION = YES;
				CLANG_WARN_INFINITE_RECURSION = YES;
				CLANG_WARN_INT_CONVERSION = YES;
				CLANG_WARN_NON_LITERAL_NULL_CONVERSION = YES;
				CLANG_WARN_OBJC_LITERAL_CONVERSION = YES;
				CLANG_WARN_OBJC_ROOT_CLASS = YES_ERROR;
				CLANG_WARN_RANGE_LOOP_ANALYSIS = YES;
				CLANG_WARN_STRICT_PROTOTYPES = YES;
				CLANG_WARN_SUSPICIOUS_MOVE = YES;
				CLANG_WARN_UNGUARDED_AVAILABILITY = YES_AGGRESSIVE;
				CLANG_WARN_UNREACHABLE_CODE = YES;
				CLANG_WARN__DUPLICATE_METHOD_MATCH = YES;
				CODE_SIGN_IDENTITY = "iPhone Developer";
				COPY_PHASE_STRIP = NO;
				DEBUG_INFORMATION_FORMAT = "dwarf-with-dsym";
				ENABLE_NS_ASSERTIONS = NO;
				ENABLE_STRICT_OBJC_MSGSEND = YES;
				GCC_C_LANGUAGE_STANDARD = gnu11;
				GCC_NO_COMMON_BLOCKS = YES;
				GCC_WARN_64_TO_32_BIT_CONVERSION = YES;
				GCC_WARN_ABOUT_RETURN_TYPE = YES_ERROR;
				GCC_WARN_UNDECLARED_SELECTOR = YES;
				GCC_WARN_UNINITIALIZED_AUTOS = YES_AGGRESSIVE;
				GCC_WARN_UNUSED_FUNCTION = YES;
				GCC_WARN_UNUSED_VARIABLE = YES;
				IPHONEOS_DEPLOYMENT_TARGET = 11.0;
				MTL_ENABLE_DEBUG_INFO = NO;
				SDKROOT = iphoneos;
				SWIFT_OPTIMIZATION_LEVEL = "-Owholemodule";
				VALIDATE_PRODUCT = YES;
			};
			name = Release;
		};
		B1AE840D1F738B8C00F91406 /* Debug */ = {
			isa = XCBuildConfiguration;
			baseConfigurationReference = 0E4A13C434A31045BDF6278C /* Pods-LovePlanetDemo.debug.xcconfig */;
			buildSettings = {
				ASSETCATALOG_COMPILER_APPICON_NAME = AppIcon;
				CODE_SIGN_STYLE = Automatic;
				DEVELOPMENT_TEAM = 2DS2B364WY;
				INFOPLIST_FILE = LovePlanetDemo/Info.plist;
				LD_RUNPATH_SEARCH_PATHS = "$(inherited) @executable_path/Frameworks";
				PRODUCT_BUNDLE_IDENTIFIER = ua.com.remotejob.LovePlanetDemo;
				PRODUCT_NAME = "$(TARGET_NAME)";
				SWIFT_VERSION = 4.0;
				TARGETED_DEVICE_FAMILY = "1,2";
			};
			name = Debug;
		};
		B1AE840E1F738B8C00F91406 /* Release */ = {
			isa = XCBuildConfiguration;
			baseConfigurationReference = 1A3F6646024B3342B80F84A7 /* Pods-LovePlanetDemo.release.xcconfig */;
			buildSettings = {
				ASSETCATALOG_COMPILER_APPICON_NAME = AppIcon;
				CODE_SIGN_STYLE = Automatic;
				DEVELOPMENT_TEAM = 2DS2B364WY;
				INFOPLIST_FILE = LovePlanetDemo/Info.plist;
				LD_RUNPATH_SEARCH_PATHS = "$(inherited) @executable_path/Frameworks";
				PRODUCT_BUNDLE_IDENTIFIER = ua.com.remotejob.LovePlanetDemo;
				PRODUCT_NAME = "$(TARGET_NAME)";
				SWIFT_VERSION = 4.0;
				TARGETED_DEVICE_FAMILY = "1,2";
			};
			name = Release;
		};
/* End XCBuildConfiguration section */

/* Begin XCConfigurationList section */
		B1AE83F51F738B8C00F91406 /* Build configuration list for PBXProject "LovePlanetDemo" */ = {
			isa = XCConfigurationList;
			buildConfigurations = (
				B1AE840A1F738B8C00F91406 /* Debug */,
				B1AE840B1F738B8C00F91406 /* Release */,
			);
			defaultConfigurationIsVisible = 0;
			defaultConfigurationName = Release;
		};
		B1AE840C1F738B8C00F91406 /* Build configuration list for PBXNativeTarget "LovePlanetDemo" */ = {
			isa = XCConfigurationList;
			buildConfigurations = (
				B1AE840D1F738B8C00F91406 /* Debug */,
				B1AE840E1F738B8C00F91406 /* Release */,
			);
			defaultConfigurationIsVisible = 0;
			defaultConfigurationName = Release;
		};
/* End XCConfigurationList section */

/* Begin XCVersionGroup section */
		B17064BA1F73E5ED00FABD11 /* Model.xcdatamodeld */ = {
			isa = XCVersionGroup;
			children = (
				B17064BF1F73E8C800FABD11 /* Model 1.xcdatamodel */,
				B17064BB1F73E5ED00FABD11 /* Model.xcdatamodel */,
			);
			currentVersion = B17064BF1F73E8C800FABD11 /* Model 1.xcdatamodel */;
			path = Model.xcdatamodeld;
			sourceTree = "<group>";
			versionGroupType = wrapper.xcdatamodel;
		};
/* End XCVersionGroup section */
	};
	rootObject = B1AE83F21F738B8C00F91406 /* Project object */;
}
